
Microsoft Visual Studio Solution File, Format Version 12.00
# Visual Studio Version 17
VisualStudioVersion = 17.9.34902.65
MinimumVisualStudioVersion = 10.0.40219.1
Project("{9A19103F-16F7-4668-BE54-9A1E7A4F7556}") = "ApiExamen2AWS", "ApiExamen2AWS.csproj", "{FA42DED3-A55F-4CE4-8537-6BA4D0FB567E}"
EndProject
Global
	GlobalSection(SolutionConfigurationPlatforms) = preSolution
		Debug|Any CPU = Debug|Any CPU
		Release|Any CPU = Release|Any CPU
	EndGlobalSection
	GlobalSection(ProjectConfigurationPlatforms) = postSolution
		{FA42DED3-A55F-4CE4-8537-6BA4D0FB567E}.Debug|Any CPU.ActiveCfg = Debug|Any CPU
		{FA42DED3-A55F-4CE4-8537-6BA4D0FB567E}.Debug|Any CPU.Build.0 = Debug|Any CPU
		{FA42DED3-A55F-4CE4-8537-6BA4D0FB567E}.Release|Any CPU.ActiveCfg = Release|Any CPU
		{FA42DED3-A55F-4CE4-8537-6BA4D0FB567E}.Release|Any CPU.Build.0 = Release|Any CPU
	EndGlobalSection
	GlobalSection(SolutionProperties) = preSolution
		HideSolutionNode = FALSE
	EndGlobalSection
	GlobalSection(ExtensibilityGlobals) = postSolution
		SolutionGuid = {90D5B6AE-10F0-4C2C-B7C0-BB46F5FD3E7D}
	EndGlobalSection
EndGlobal
